
Microsoft Visual Studio Solution File, Format Version 12.00
# Visual Studio 15
Project("{FAE04EC0-301F-11D3-BF4B-00C04F79EFBC}") = "BUDBOYMISCHIEF", "BUDBOYMISCHIEF.csproj", "{2AFE726E-7AB6-8E84-57CD-6E965FDE2CCD}"
EndProject
Global
	GlobalSection(SolutionConfigurationPlatforms) = preSolution
		Debug|Any CPU = Debug|Any CPU
		Release|Any CPU = Release|Any CPU
	EndGlobalSection
	GlobalSection(ProjectConfigurationPlatforms) = postSolution
		{2AFE726E-7AB6-8E84-57CD-6E965FDE2CCD}.Debug|Any CPU.ActiveCfg = Debug|Any CPU
		{2AFE726E-7AB6-8E84-57CD-6E965FDE2CCD}.Debug|Any CPU.Build.0 = Debug|Any CPU
		{2AFE726E-7AB6-8E84-57CD-6E965FDE2CCD}.Release|Any CPU.ActiveCfg = Release|Any CPU
		{2AFE726E-7AB6-8E84-57CD-6E965FDE2CCD}.Release|Any CPU.Build.0 = Release|Any CPU
	EndGlobalSection
	GlobalSection(SolutionProperties) = preSolution
		HideSolutionNode = FALSE
	EndGlobalSection
EndGlobal
